
Microsoft Visual Studio Solution File, Format Version 11.00
# Visual Studio 2010
Project("{FAE04EC0-301F-11D3-BF4B-00C04F79EFBC}") = "Assembly-CSharp", "Assembly-CSharp.csproj", "{E87981A5-E6DA-B97D-8D47-101C728F92DE}"
EndProject
Global
	GlobalSection(SolutionConfigurationPlatforms) = preSolution
		Debug|Any CPU = Debug|Any CPU
		Release|Any CPU = Release|Any CPU
	EndGlobalSection
	GlobalSection(ProjectConfigurationPlatforms) = postSolution
		{E87981A5-E6DA-B97D-8D47-101C728F92DE}.Debug|Any CPU.ActiveCfg = Debug|Any CPU
		{E87981A5-E6DA-B97D-8D47-101C728F92DE}.Debug|Any CPU.Build.0 = Debug|Any CPU
		{E87981A5-E6DA-B97D-8D47-101C728F92DE}.Release|Any CPU.ActiveCfg = Release|Any CPU
		{E87981A5-E6DA-B97D-8D47-101C728F92DE}.Release|Any CPU.Build.0 = Release|Any CPU
	EndGlobalSection
	GlobalSection(SolutionProperties) = preSolution
		HideSolutionNode = FALSE
	EndGlobalSection
	GlobalSection(MonoDevelopProperties) = preSolution
		StartupItem = Assembly-CSharp.csproj
	EndGlobalSection
EndGlobal
